<?xml version="1.0" encoding="utf-8"?>
<Project ToolsVersion="4.0" xmlns="http://schemas.microsoft.com/developer/msbuild/2003">
  <ItemGroup>
    <ClCompile Include="qoFloor.cpp" />
    <ClCompile Include="qoGun.cpp" />
    <ClCompile Include="qoHPUI.cpp" />
    <ClCompile Include="qoHPUIBackGround.cpp" />
    <ClCompile Include="qoHPUIScript.cpp" />
    <ClCompile Include="qoItem.cpp" />
    <ClCompile Include="qoLabGuard.cpp" />
    <ClCompile Include="qoLabGuardScript.cpp" />
    <ClCompile Include="qoLabTurret.cpp" />
    <ClCompile Include="qoLabTurretScript.cpp" />
    <ClCompile Include="qoLockedDoor.cpp" />
    <ClCompile Include="qoPlayer.cpp" />
    <ClCompile Include="qoPlayerScript.cpp" />
    <ClCompile Include="qoPlayScene.cpp" />
    <ClCompile Include="qoStage1_1.cpp" />
    <ClCompile Include="qoStage1_2.cpp" />
    <ClCompile Include="qoStage1_3.cpp" />
    <ClCompile Include="qoSuperpositionBullet.cpp" />
    <ClCompile Include="qoSuperpositionGun.cpp" />
    <ClCompile Include="qoSuperpositionGunScript.cpp" />
    <ClCompile Include="qoTeleportationBullet.cpp" />
    <ClCompile Include="qoTeleportationGun.cpp" />
    <ClCompile Include="qoTeleportationGunScript.cpp" />
    <ClCompile Include="qoTrackerBullet.cpp" />
    <ClCompile Include="qoTrackerBulletScript.cpp" />
    <ClCompile Include="qoTurretAttack.cpp" />
    <ClCompile Include="qoTrigger.cpp" />
    <ClCompile Include="qoUI.cpp" />
    <ClCompile Include="qoUIScript.cpp" />
    <ClCompile Include="qoWall.cpp" />
    <ClCompile Include="qoGunItem.cpp" />
    <ClCompile Include="qoGunScript.cpp" />
    <ClCompile Include="qoBarrier.cpp" />
    <ClCompile Include="qoBullet.cpp" />
    <ClCompile Include="qoBulletScript.cpp" />
    <ClCompile Include="qoDestructibleWall.cpp" />
    <ClCompile Include="qoElevator.cpp" />
    <ClCompile Include="qoEnemy.cpp" />
    <ClCompile Include="qoEntanglementBullet.cpp" />
    <ClCompile Include="qoEntanglementGun.cpp" />
    <ClCompile Include="qoEntanglementGunScript.cpp" />
    <ClCompile Include="qoEventSwitch.cpp" />
  </ItemGroup>
  <ItemGroup>
    <ClInclude Include="qoFloor.h" />
    <ClInclude Include="qoHPUI.h" />
    <ClInclude Include="qoHPUIBackGround.h" />
    <ClInclude Include="qoHPUIScript.h" />
    <ClInclude Include="qoItem.h" />
    <ClInclude Include="qoLabGuard.h" />
    <ClInclude Include="qoLabGuardScript.h" />
    <ClInclude Include="qoLabTurret.h" />
    <ClInclude Include="qoLabTurretScript.h" />
    <ClInclude Include="qoLoadScene.h" />
    <ClInclude Include="qoLockedDoor.h" />
    <ClInclude Include="qoPlayer.h" />
    <ClInclude Include="qoPlayerScript.h" />
    <ClInclude Include="qoPlayScene.h" />
    <ClInclude Include="qoStage1_1.h" />
    <ClInclude Include="qoStage1_2.h" />
    <ClInclude Include="qoStage1_3.h" />
    <ClInclude Include="qoSuperpositionBullet.h" />
    <ClInclude Include="qoSuperpositionGun.h" />
    <ClInclude Include="qoSuperpositionGunScript.h" />
    <ClInclude Include="qoTeleportationBullet.h" />
    <ClInclude Include="qoTeleportationGun.h" />
    <ClInclude Include="qoTeleportationGunScript.h" />
    <ClInclude Include="qoTrackerBullet.h" />
    <ClInclude Include="qoTrackerBulletScript.h" />
    <ClInclude Include="qoTurretAttack.h" />
    <ClInclude Include="qoTrigger.h" />
    <ClInclude Include="qoUI.h" />
    <ClInclude Include="qoUIScript.h" />
    <ClInclude Include="qoWall.h" />
    <ClInclude Include="qoGun.h" />
    <ClInclude Include="qoGunItem.h" />
    <ClInclude Include="qoGunScript.h" />
    <ClInclude Include="qoBarrier.h" />
    <ClInclude Include="qoBullet.h" />
    <ClInclude Include="qoBulletScript.h" />
    <ClInclude Include="qoDestructibleWall.h" />
    <ClInclude Include="qoElevator.h" />
    <ClInclude Include="qoEnemy.h" />
    <ClInclude Include="qoEntanglementBullet.h" />
    <ClInclude Include="qoEntanglementGun.h" />
    <ClInclude Include="qoEntanglementGunScript.h" />
    <ClInclude Include="qoEventSwitch.h" />
    <ClInclude Include="ArchitectureInclude.h" />
  </ItemGroup>
</Project>