<?xml version="1.0" encoding="utf-8"?>
<Project ToolsVersion="4.0" xmlns="http://schemas.microsoft.com/developer/msbuild/2003">
  <ItemGroup>
    <Filter Include="CS">
      <UniqueIdentifier>{71ada6fe-d330-4eda-b19b-a863cc2dd16d}</UniqueIdentifier>
    </Filter>
    <Filter Include="DS">
      <UniqueIdentifier>{d20f170a-a81a-4546-b2b5-bd2cd9c632a6}</UniqueIdentifier>
    </Filter>
    <Filter Include="GS">
      <UniqueIdentifier>{c7f97326-f7e0-439a-a7cb-4c7e2dfc9369}</UniqueIdentifier>
    </Filter>
    <Filter Include="HS">
      <UniqueIdentifier>{163213f8-5127-4fcb-9ec4-1791c29e14d2}</UniqueIdentifier>
    </Filter>
    <Filter Include="PS">
      <UniqueIdentifier>{51564072-b564-4faf-b69a-45b7917fccc4}</UniqueIdentifier>
    </Filter>
    <Filter Include="VS">
      <UniqueIdentifier>{f4c63185-6450-4d15-a9a9-b7e93bfea05e}</UniqueIdentifier>
    </Filter>
  </ItemGroup>
</Project>